
Microsoft Visual Studio Solution File, Format Version 12.00
# Visual Studio Version 17
VisualStudioVersion = 17.4.33213.308
MinimumVisualStudioVersion = 10.0.40219.1
Project("{FAE04EC0-301F-11D3-BF4B-00C04F79EFBC}") = "JSON_P_JoshuaHooper", "JSON_P_JoshuaHooper.csproj", "{297FF447-7843-43E2-807B-B67FF3EC9CC0}"
EndProject
Global
	GlobalSection(SolutionConfigurationPlatforms) = preSolution
		Debug|Any CPU = Debug|Any CPU
		Release|Any CPU = Release|Any CPU
	EndGlobalSection
	GlobalSection(ProjectConfigurationPlatforms) = postSolution
		{297FF447-7843-43E2-807B-B67FF3EC9CC0}.Debug|Any CPU.ActiveCfg = Debug|Any CPU
		{297FF447-7843-43E2-807B-B67FF3EC9CC0}.Debug|Any CPU.Build.0 = Debug|Any CPU
		{297FF447-7843-43E2-807B-B67FF3EC9CC0}.Release|Any CPU.ActiveCfg = Release|Any CPU
		{297FF447-7843-43E2-807B-B67FF3EC9CC0}.Release|Any CPU.Build.0 = Release|Any CPU
	EndGlobalSection
	GlobalSection(SolutionProperties) = preSolution
		HideSolutionNode = FALSE
	EndGlobalSection
	GlobalSection(ExtensibilityGlobals) = postSolution
		SolutionGuid = {F9378A6B-DE2F-468B-8CF6-1C6721CB09D9}
	EndGlobalSection
EndGlobal
